
Microsoft Visual Studio Solution File, Format Version 12.00
# Visual Studio Version 16
VisualStudioVersion = 16.0.29806.167
MinimumVisualStudioVersion = 10.0.40219.1
Project("{FAE04EC0-301F-11D3-BF4B-00C04F79EFBC}") = "ExamTimetable", "ExamTimetable\ExamTimetable.csproj", "{95DF19DC-46E1-4E78-A885-03C85A9C163A}"
EndProject
Global
	GlobalSection(SolutionConfigurationPlatforms) = preSolution
		Debug|Any CPU = Debug|Any CPU
		Release|Any CPU = Release|Any CPU
	EndGlobalSection
	GlobalSection(ProjectConfigurationPlatforms) = postSolution
		{95DF19DC-46E1-4E78-A885-03C85A9C163A}.Debug|Any CPU.ActiveCfg = Debug|Any CPU
		{95DF19DC-46E1-4E78-A885-03C85A9C163A}.Debug|Any CPU.Build.0 = Debug|Any CPU
		{95DF19DC-46E1-4E78-A885-03C85A9C163A}.Release|Any CPU.ActiveCfg = Release|Any CPU
		{95DF19DC-46E1-4E78-A885-03C85A9C163A}.Release|Any CPU.Build.0 = Release|Any CPU
	EndGlobalSection
	GlobalSection(SolutionProperties) = preSolution
		HideSolutionNode = FALSE
	EndGlobalSection
	GlobalSection(ExtensibilityGlobals) = postSolution
		SolutionGuid = {BE808794-B51B-4E47-B65E-9D86D83C7A64}
	EndGlobalSection
EndGlobal
